
Microsoft Visual Studio Solution File, Format Version 12.00
# Visual Studio Version 16
VisualStudioVersion = 16.0.30413.136
MinimumVisualStudioVersion = 10.0.40219.1
Project("{FAE04EC0-301F-11D3-BF4B-00C04F79EFBC}") = "ChuckApi", "ChuckApi.csproj", "{2BC330E9-F2EC-4F6B-B9DB-ACF32FA41730}"
EndProject
Global
	GlobalSection(SolutionConfigurationPlatforms) = preSolution
		Debug|Any CPU = Debug|Any CPU
		Release|Any CPU = Release|Any CPU
	EndGlobalSection
	GlobalSection(ProjectConfigurationPlatforms) = postSolution
		{2BC330E9-F2EC-4F6B-B9DB-ACF32FA41730}.Debug|Any CPU.ActiveCfg = Debug|Any CPU
		{2BC330E9-F2EC-4F6B-B9DB-ACF32FA41730}.Debug|Any CPU.Build.0 = Debug|Any CPU
		{2BC330E9-F2EC-4F6B-B9DB-ACF32FA41730}.Release|Any CPU.ActiveCfg = Release|Any CPU
		{2BC330E9-F2EC-4F6B-B9DB-ACF32FA41730}.Release|Any CPU.Build.0 = Release|Any CPU
	EndGlobalSection
	GlobalSection(SolutionProperties) = preSolution
		HideSolutionNode = FALSE
	EndGlobalSection
	GlobalSection(ExtensibilityGlobals) = postSolution
		SolutionGuid = {2BE2C0DA-EE18-4549-B49C-368F578E6036}
	EndGlobalSection
EndGlobal
